{
  "name": "isaac-achievement-tracker-tests",
  "lockfileVersion": 3,
  "requires": true,
  "packages": {
    "": {
      "name": "isaac-achievement-tracker-tests",
      "devDependencies": {
        "@fontpkg/lana-pixel": "1.3.0",
        "@fontpkg/source-han-sans-sc": "2.5.3"
      }
    },
    "node_modules/@fontpkg/lana-pixel": {
      "version": "1.3.0",
      "resolved": "https://registry.npmjs.org/@fontpkg/lana-pixel/-/lana-pixel-1.3.0.tgz",
      "integrity": "sha512-1Brqt0ThK9+cQibuzq9zeMDMYRQQb5Bis9qoXYYdqrD8eztvlvLZ5EUjVYTqMUO9mA1FfL0C6q+rHZ1fi61xQQ==",
      "dev": true,
      "license": "SEE LICENSE IN README.md"
    },
    "node_modules/@fontpkg/source-han-sans-sc": {
      "version": "2.5.3",
      "resolved": "https://registry.npmjs.org/@fontpkg/source-han-sans-sc/-/source-han-sans-sc-2.5.3.tgz",
      "integrity": "sha512-5HFu2C1R8nathGnOTVz4+eIkPwCKVXDckVNzBoVsQ6RMwpptDKi+Zjdrb1uyShs2ySgJ6oRNfIylmubvJargPA==",
      "dev": true,
      "license": "SEE LICENSE IN README.md"
    }
  }
}
